{
  "object": {
    "pins": [
      {
        "package": "AudioKit",
        "repositoryURL": "https://github.com/AudioKit/AudioKit",
        "state": {
          "branch": "v5-develop",
          "revision": "0d4a7f6ef845bdc8094b108ca42b1aadc61e2407",
          "version": null
        }
      }
    ]
  },
  "version": 1
}
